// !$*UTF8*$!
{
	archiveVersion = 1;
	classes = {
	};
	objectVersion = 56;
	objects = {

/* Begin PBXBuildFile section */
		4A01297F295CDF1F002E10B9 /* PetsViewerApp.swift in Sources */ = {isa = PBXBuildFile; fileRef = 4A01297E295CDF1F002E10B9 /* PetsViewerApp.swift */; };
		4A012983295CDF22002E10B9 /* Assets.xcassets in Resources */ = {isa = PBXBuildFile; fileRef = 4A012982295CDF22002E10B9 /* Assets.xcassets */; };
		4A012986295CDF22002E10B9 /* Preview Assets.xcassets in Resources */ = {isa = PBXBuildFile; fileRef = 4A012985295CDF22002E10B9 /* Preview Assets.xcassets */; };
		4A012990295CDF23002E10B9 /* PetsViewerTests.swift in Sources */ = {isa = PBXBuildFile; fileRef = 4A01298F295CDF23002E10B9 /* PetsViewerTests.swift */; };
		4A01299A295CDF23002E10B9 /* PetsViewerUITests.swift in Sources */ = {isa = PBXBuildFile; fileRef = 4A012999295CDF23002E10B9 /* PetsViewerUITests.swift */; };
		4A01299C295CDF23002E10B9 /* PetsViewerUITestsLaunchTests.swift in Sources */ = {isa = PBXBuildFile; fileRef = 4A01299B295CDF23002E10B9 /* PetsViewerUITestsLaunchTests.swift */; };
		4A0129AF295CDFCF002E10B9 /* Font+ext.swift in Sources */ = {isa = PBXBuildFile; fileRef = 4A0129AD295CDFCF002E10B9 /* Font+ext.swift */; };
		4A0129B0295CDFCF002E10B9 /* Image+ext.swift in Sources */ = {isa = PBXBuildFile; fileRef = 4A0129AE295CDFCF002E10B9 /* Image+ext.swift */; };
		4A0129B4295CE00F002E10B9 /* PetService.swift in Sources */ = {isa = PBXBuildFile; fileRef = 4A0129B1295CE00E002E10B9 /* PetService.swift */; };
		4A0129B5295CE00F002E10B9 /* Endpoint.swift in Sources */ = {isa = PBXBuildFile; fileRef = 4A0129B2295CE00E002E10B9 /* Endpoint.swift */; };
		4A0129B6295CE00F002E10B9 /* HTTPClient.swift in Sources */ = {isa = PBXBuildFile; fileRef = 4A0129B3295CE00F002E10B9 /* HTTPClient.swift */; };
		4A0129B8295CE01B002E10B9 /* PetViewModel.swift in Sources */ = {isa = PBXBuildFile; fileRef = 4A0129B7295CE01B002E10B9 /* PetViewModel.swift */; };
		4A0129BE295CE02E002E10B9 /* MainPetsContainer.swift in Sources */ = {isa = PBXBuildFile; fileRef = 4A0129B9295CE02D002E10B9 /* MainPetsContainer.swift */; };
		4A0129BF295CE02E002E10B9 /* ImageLoadView.swift in Sources */ = {isa = PBXBuildFile; fileRef = 4A0129BA295CE02D002E10B9 /* ImageLoadView.swift */; };
		4A0129C0295CE02E002E10B9 /* DetailPetView.swift in Sources */ = {isa = PBXBuildFile; fileRef = 4A0129BB295CE02D002E10B9 /* DetailPetView.swift */; };
		4A0129C1295CE02E002E10B9 /* PetsGridView.swift in Sources */ = {isa = PBXBuildFile; fileRef = 4A0129BC295CE02D002E10B9 /* PetsGridView.swift */; };
		4A0129C2295CE02E002E10B9 /* PetView.swift in Sources */ = {isa = PBXBuildFile; fileRef = 4A0129BD295CE02E002E10B9 /* PetView.swift */; };
		4A0129C4295CE038002E10B9 /* PetResponseModel.swift in Sources */ = {isa = PBXBuildFile; fileRef = 4A0129C3295CE038002E10B9 /* PetResponseModel.swift */; };
/* End PBXBuildFile section */

/* Begin PBXContainerItemProxy section */
		4A01298C295CDF23002E10B9 /* PBXContainerItemProxy */ = {
			isa = PBXContainerItemProxy;
			containerPortal = 4A012973295CDF1F002E10B9 /* Project object */;
			proxyType = 1;
			remoteGlobalIDString = 4A01297A295CDF1F002E10B9;
			remoteInfo = PetsViewer;
		};
		4A012996295CDF23002E10B9 /* PBXContainerItemProxy */ = {
			isa = PBXContainerItemProxy;
			containerPortal = 4A012973295CDF1F002E10B9 /* Project object */;
			proxyType = 1;
			remoteGlobalIDString = 4A01297A295CDF1F002E10B9;
			remoteInfo = PetsViewer;
		};
/* End PBXContainerItemProxy section */

/* Begin PBXFileReference section */
		4A01297B295CDF1F002E10B9 /* PetsViewer.app */ = {isa = PBXFileReference; explicitFileType = wrapper.application; includeInIndex = 0; path = PetsViewer.app; sourceTree = BUILT_PRODUCTS_DIR; };
		4A01297E295CDF1F002E10B9 /* PetsViewerApp.swift */ = {isa = PBXFileReference; lastKnownFileType = sourcecode.swift; path = PetsViewerApp.swift; sourceTree = "<group>"; };
		4A012982295CDF22002E10B9 /* Assets.xcassets */ = {isa = PBXFileReference; lastKnownFileType = folder.assetcatalog; path = Assets.xcassets; sourceTree = "<group>"; };
		4A012985295CDF22002E10B9 /* Preview Assets.xcassets */ = {isa = PBXFileReference; lastKnownFileType = folder.assetcatalog; path = "Preview Assets.xcassets"; sourceTree = "<group>"; };
		4A01298B295CDF23002E10B9 /* PetsViewerTests.xctest */ = {isa = PBXFileReference; explicitFileType = wrapper.cfbundle; includeInIndex = 0; path = PetsViewerTests.xctest; sourceTree = BUILT_PRODUCTS_DIR; };
		4A01298F295CDF23002E10B9 /* PetsViewerTests.swift */ = {isa = PBXFileReference; lastKnownFileType = sourcecode.swift; path = PetsViewerTests.swift; sourceTree = "<group>"; };
		4A012995295CDF23002E10B9 /* PetsViewerUITests.xctest */ = {isa = PBXFileReference; explicitFileType = wrapper.cfbundle; includeInIndex = 0; path = PetsViewerUITests.xctest; sourceTree = BUILT_PRODUCTS_DIR; };
		4A012999295CDF23002E10B9 /* PetsViewerUITests.swift */ = {isa = PBXFileReference; lastKnownFileType = sourcecode.swift; path = PetsViewerUITests.swift; sourceTree = "<group>"; };
		4A01299B295CDF23002E10B9 /* PetsViewerUITestsLaunchTests.swift */ = {isa = PBXFileReference; lastKnownFileType = sourcecode.swift; path = PetsViewerUITestsLaunchTests.swift; sourceTree = "<group>"; };
		4A0129AD295CDFCF002E10B9 /* Font+ext.swift */ = {isa = PBXFileReference; fileEncoding = 4; lastKnownFileType = sourcecode.swift; path = "Font+ext.swift"; sourceTree = "<group>"; };
		4A0129AE295CDFCF002E10B9 /* Image+ext.swift */ = {isa = PBXFileReference; fileEncoding = 4; lastKnownFileType = sourcecode.swift; path = "Image+ext.swift"; sourceTree = "<group>"; };
		4A0129B1295CE00E002E10B9 /* PetService.swift */ = {isa = PBXFileReference; fileEncoding = 4; lastKnownFileType = sourcecode.swift; path = PetService.swift; sourceTree = "<group>"; };
		4A0129B2295CE00E002E10B9 /* Endpoint.swift */ = {isa = PBXFileReference; fileEncoding = 4; lastKnownFileType = sourcecode.swift; path = Endpoint.swift; sourceTree = "<group>"; };
		4A0129B3295CE00F002E10B9 /* HTTPClient.swift */ = {isa = PBXFileReference; fileEncoding = 4; lastKnownFileType = sourcecode.swift; path = HTTPClient.swift; sourceTree = "<group>"; };
		4A0129B7295CE01B002E10B9 /* PetViewModel.swift */ = {isa = PBXFileReference; fileEncoding = 4; lastKnownFileType = sourcecode.swift; path = PetViewModel.swift; sourceTree = "<group>"; };
		4A0129B9295CE02D002E10B9 /* MainPetsContainer.swift */ = {isa = PBXFileReference; fileEncoding = 4; lastKnownFileType = sourcecode.swift; path = MainPetsContainer.swift; sourceTree = "<group>"; };
		4A0129BA295CE02D002E10B9 /* ImageLoadView.swift */ = {isa = PBXFileReference; fileEncoding = 4; lastKnownFileType = sourcecode.swift; path = ImageLoadView.swift; sourceTree = "<group>"; };
		4A0129BB295CE02D002E10B9 /* DetailPetView.swift */ = {isa = PBXFileReference; fileEncoding = 4; lastKnownFileType = sourcecode.swift; path = DetailPetView.swift; sourceTree = "<group>"; };
		4A0129BC295CE02D002E10B9 /* PetsGridView.swift */ = {isa = PBXFileReference; fileEncoding = 4; lastKnownFileType = sourcecode.swift; path = PetsGridView.swift; sourceTree = "<group>"; };
		4A0129BD295CE02E002E10B9 /* PetView.swift */ = {isa = PBXFileReference; fileEncoding = 4; lastKnownFileType = sourcecode.swift; path = PetView.swift; sourceTree = "<group>"; };
		4A0129C3295CE038002E10B9 /* PetResponseModel.swift */ = {isa = PBXFileReference; fileEncoding = 4; lastKnownFileType = sourcecode.swift; path = PetResponseModel.swift; sourceTree = "<group>"; };
/* End PBXFileReference section */

/* Begin PBXFrameworksBuildPhase section */
		4A012978295CDF1F002E10B9 /* Frameworks */ = {
			isa = PBXFrameworksBuildPhase;
			buildActionMask = 2147483647;
			files = (
			);
			runOnlyForDeploymentPostprocessing = 0;
		};
		4A012988295CDF23002E10B9 /* Frameworks */ = {
			isa = PBXFrameworksBuildPhase;
			buildActionMask = 2147483647;
			files = (
			);
			runOnlyForDeploymentPostprocessing = 0;
		};
		4A012992295CDF23002E10B9 /* Frameworks */ = {
			isa = PBXFrameworksBuildPhase;
			buildActionMask = 2147483647;
			files = (
			);
			runOnlyForDeploymentPostprocessing = 0;
		};
/* End PBXFrameworksBuildPhase section */

/* Begin PBXGroup section */
		4A012972295CDF1F002E10B9 = {
			isa = PBXGroup;
			children = (
				4A01297D295CDF1F002E10B9 /* PetsViewer */,
				4A01298E295CDF23002E10B9 /* PetsViewerTests */,
				4A012998295CDF23002E10B9 /* PetsViewerUITests */,
				4A01297C295CDF1F002E10B9 /* Products */,
			);
			sourceTree = "<group>";
		};
		4A01297C295CDF1F002E10B9 /* Products */ = {
			isa = PBXGroup;
			children = (
				4A01297B295CDF1F002E10B9 /* PetsViewer.app */,
				4A01298B295CDF23002E10B9 /* PetsViewerTests.xctest */,
				4A012995295CDF23002E10B9 /* PetsViewerUITests.xctest */,
			);
			name = Products;
			sourceTree = "<group>";
		};
		4A01297D295CDF1F002E10B9 /* PetsViewer */ = {
			isa = PBXGroup;
			children = (
				4A01297E295CDF1F002E10B9 /* PetsViewerApp.swift */,
				4A0129A8295CDF7C002E10B9 /* Models */,
				4A0129A9295CDF87002E10B9 /* Views */,
				4A0129AA295CDF92002E10B9 /* ViewModels */,
				4A0129AB295CDF9C002E10B9 /* Network */,
				4A0129AC295CDFA8002E10B9 /* Extensions */,
				4A012982295CDF22002E10B9 /* Assets.xcassets */,
				4A012984295CDF22002E10B9 /* Preview Content */,
			);
			path = PetsViewer;
			sourceTree = "<group>";
		};
		4A012984295CDF22002E10B9 /* Preview Content */ = {
			isa = PBXGroup;
			children = (
				4A012985295CDF22002E10B9 /* Preview Assets.xcassets */,
			);
			path = "Preview Content";
			sourceTree = "<group>";
		};
		4A01298E295CDF23002E10B9 /* PetsViewerTests */ = {
			isa = PBXGroup;
			children = (
				4A01298F295CDF23002E10B9 /* PetsViewerTests.swift */,
			);
			path = PetsViewerTests;
			sourceTree = "<group>";
		};
		4A012998295CDF23002E10B9 /* PetsViewerUITests */ = {
			isa = PBXGroup;
			children = (
				4A012999295CDF23002E10B9 /* PetsViewerUITests.swift */,
				4A01299B295CDF23002E10B9 /* PetsViewerUITestsLaunchTests.swift */,
			);
			path = PetsViewerUITests;
			sourceTree = "<group>";
		};
		4A0129A8295CDF7C002E10B9 /* Models */ = {
			isa = PBXGroup;
			children = (
				4A0129C3295CE038002E10B9 /* PetResponseModel.swift */,
			);
			path = Models;
			sourceTree = "<group>";
		};
		4A0129A9295CDF87002E10B9 /* Views */ = {
			isa = PBXGroup;
			children = (
				4A0129B9295CE02D002E10B9 /* MainPetsContainer.swift */,
				4A0129BC295CE02D002E10B9 /* PetsGridView.swift */,
				4A0129BD295CE02E002E10B9 /* PetView.swift */,
				4A0129BB295CE02D002E10B9 /* DetailPetView.swift */,
				4A0129BA295CE02D002E10B9 /* ImageLoadView.swift */,
			);
			path = Views;
			sourceTree = "<group>";
		};
		4A0129AA295CDF92002E10B9 /* ViewModels */ = {
			isa = PBXGroup;
			children = (
				4A0129B7295CE01B002E10B9 /* PetViewModel.swift */,
			);
			path = ViewModels;
			sourceTree = "<group>";
		};
		4A0129AB295CDF9C002E10B9 /* Network */ = {
			isa = PBXGroup;
			children = (
				4A0129B2295CE00E002E10B9 /* Endpoint.swift */,
				4A0129B3295CE00F002E10B9 /* HTTPClient.swift */,
				4A0129B1295CE00E002E10B9 /* PetService.swift */,
			);
			path = Network;
			sourceTree = "<group>";
		};
		4A0129AC295CDFA8002E10B9 /* Extensions */ = {
			isa = PBXGroup;
			children = (
				4A0129AD295CDFCF002E10B9 /* Font+ext.swift */,
				4A0129AE295CDFCF002E10B9 /* Image+ext.swift */,
			);
			path = Extensions;
			sourceTree = "<group>";
		};
/* End PBXGroup section */

/* Begin PBXNativeTarget section */
		4A01297A295CDF1F002E10B9 /* PetsViewer */ = {
			isa = PBXNativeTarget;
			buildConfigurationList = 4A01299F295CDF23002E10B9 /* Build configuration list for PBXNativeTarget "PetsViewer" */;
			buildPhases = (
				4A012977295CDF1F002E10B9 /* Sources */,
				4A012978295CDF1F002E10B9 /* Frameworks */,
				4A012979295CDF1F002E10B9 /* Resources */,
			);
			buildRules = (
			);
			dependencies = (
			);
			name = PetsViewer;
			productName = PetsViewer;
			productReference = 4A01297B295CDF1F002E10B9 /* PetsViewer.app */;
			productType = "com.apple.product-type.application";
		};
		4A01298A295CDF23002E10B9 /* PetsViewerTests */ = {
			isa = PBXNativeTarget;
			buildConfigurationList = 4A0129A2295CDF23002E10B9 /* Build configuration list for PBXNativeTarget "PetsViewerTests" */;
			buildPhases = (
				4A012987295CDF23002E10B9 /* Sources */,
				4A012988295CDF23002E10B9 /* Frameworks */,
				4A012989295CDF23002E10B9 /* Resources */,
			);
			buildRules = (
			);
			dependencies = (
				4A01298D295CDF23002E10B9 /* PBXTargetDependency */,
			);
			name = PetsViewerTests;
			productName = PetsViewerTests;
			productReference = 4A01298B295CDF23002E10B9 /* PetsViewerTests.xctest */;
			productType = "com.apple.product-type.bundle.unit-test";
		};
		4A012994295CDF23002E10B9 /* PetsViewerUITests */ = {
			isa = PBXNativeTarget;
			buildConfigurationList = 4A0129A5295CDF23002E10B9 /* Build configuration list for PBXNativeTarget "PetsViewerUITests" */;
			buildPhases = (
				4A012991295CDF23002E10B9 /* Sources */,
				4A012992295CDF23002E10B9 /* Frameworks */,
				4A012993295CDF23002E10B9 /* Resources */,
			);
			buildRules = (
			);
			dependencies = (
				4A012997295CDF23002E10B9 /* PBXTargetDependency */,
			);
			name = PetsViewerUITests;
			productName = PetsViewerUITests;
			productReference = 4A012995295CDF23002E10B9 /* PetsViewerUITests.xctest */;
			productType = "com.apple.product-type.bundle.ui-testing";
		};
/* End PBXNativeTarget section */

/* Begin PBXProject section */
		4A012973295CDF1F002E10B9 /* Project object */ = {
			isa = PBXProject;
			attributes = {
				BuildIndependentTargetsInParallel = 1;
				LastSwiftUpdateCheck = 1420;
				LastUpgradeCheck = 1420;
				TargetAttributes = {
					4A01297A295CDF1F002E10B9 = {
						CreatedOnToolsVersion = 14.2;
					};
					4A01298A295CDF23002E10B9 = {
						CreatedOnToolsVersion = 14.2;
						TestTargetID = 4A01297A295CDF1F002E10B9;
					};
					4A012994295CDF23002E10B9 = {
						CreatedOnToolsVersion = 14.2;
						TestTargetID = 4A01297A295CDF1F002E10B9;
					};
				};
			};
			buildConfigurationList = 4A012976295CDF1F002E10B9 /* Build configuration list for PBXProject "PetsViewer" */;
			compatibilityVersion = "Xcode 14.0";
			developmentRegion = en;
			hasScannedForEncodings = 0;
			knownRegions = (
				en,
				Base,
			);
			mainGroup = 4A012972295CDF1F002E10B9;
			productRefGroup = 4A01297C295CDF1F002E10B9 /* Products */;
			projectDirPath = "";
			projectRoot = "";
			targets = (
				4A01297A295CDF1F002E10B9 /* PetsViewer */,
				4A01298A295CDF23002E10B9 /* PetsViewerTests */,
				4A012994295CDF23002E10B9 /* PetsViewerUITests */,
			);
		};
/* End PBXProject section */

/* Begin PBXResourcesBuildPhase section */
		4A012979295CDF1F002E10B9 /* Resources */ = {
			isa = PBXResourcesBuildPhase;
			buildActionMask = 2147483647;
			files = (
				4A012986295CDF22002E10B9 /* Preview Assets.xcassets in Resources */,
				4A012983295CDF22002E10B9 /* Assets.xcassets in Resources */,
			);
			runOnlyForDeploymentPostprocessing = 0;
		};
		4A012989295CDF23002E10B9 /* Resources */ = {
			isa = PBXResourcesBuildPhase;
			buildActionMask = 2147483647;
			files = (
			);
			runOnlyForDeploymentPostprocessing = 0;
		};
		4A012993295CDF23002E10B9 /* Resources */ = {
			isa = PBXResourcesBuildPhase;
			buildActionMask = 2147483647;
			files = (
			);
			runOnlyForDeploymentPostprocessing = 0;
		};
/* End PBXResourcesBuildPhase section */

/* Begin PBXSourcesBuildPhase section */
		4A012977295CDF1F002E10B9 /* Sources */ = {
			isa = PBXSourcesBuildPhase;
			buildActionMask = 2147483647;
			files = (
				4A0129C1295CE02E002E10B9 /* PetsGridView.swift in Sources */,
				4A0129B8295CE01B002E10B9 /* PetViewModel.swift in Sources */,
				4A0129BF295CE02E002E10B9 /* ImageLoadView.swift in Sources */,
				4A0129C0295CE02E002E10B9 /* DetailPetView.swift in Sources */,
				4A0129B0295CDFCF002E10B9 /* Image+ext.swift in Sources */,
				4A0129B4295CE00F002E10B9 /* PetService.swift in Sources */,
				4A0129C2295CE02E002E10B9 /* PetView.swift in Sources */,
				4A0129B6295CE00F002E10B9 /* HTTPClient.swift in Sources */,
				4A01297F295CDF1F002E10B9 /* PetsViewerApp.swift in Sources */,
				4A0129BE295CE02E002E10B9 /* MainPetsContainer.swift in Sources */,
				4A0129C4295CE038002E10B9 /* PetResponseModel.swift in Sources */,
				4A0129B5295CE00F002E10B9 /* Endpoint.swift in Sources */,
				4A0129AF295CDFCF002E10B9 /* Font+ext.swift in Sources */,
			);
			runOnlyForDeploymentPostprocessing = 0;
		};
		4A012987295CDF23002E10B9 /* Sources */ = {
			isa = PBXSourcesBuildPhase;
			buildActionMask = 2147483647;
			files = (
				4A012990295CDF23002E10B9 /* PetsViewerTests.swift in Sources */,
			);
			runOnlyForDeploymentPostprocessing = 0;
		};
		4A012991295CDF23002E10B9 /* Sources */ = {
			isa = PBXSourcesBuildPhase;
			buildActionMask = 2147483647;
			files = (
				4A01299C295CDF23002E10B9 /* PetsViewerUITestsLaunchTests.swift in Sources */,
				4A01299A295CDF23002E10B9 /* PetsViewerUITests.swift in Sources */,
			);
			runOnlyForDeploymentPostprocessing = 0;
		};
/* End PBXSourcesBuildPhase section */

/* Begin PBXTargetDependency section */
		4A01298D295CDF23002E10B9 /* PBXTargetDependency */ = {
			isa = PBXTargetDependency;
			target = 4A01297A295CDF1F002E10B9 /* PetsViewer */;
			targetProxy = 4A01298C295CDF23002E10B9 /* PBXContainerItemProxy */;
		};
		4A012997295CDF23002E10B9 /* PBXTargetDependency */ = {
			isa = PBXTargetDependency;
			target = 4A01297A295CDF1F002E10B9 /* PetsViewer */;
			targetProxy = 4A012996295CDF23002E10B9 /* PBXContainerItemProxy */;
		};
/* End PBXTargetDependency section */

/* Begin XCBuildConfiguration section */
		4A01299D295CDF23002E10B9 /* Debug */ = {
			isa = XCBuildConfiguration;
			buildSettings = {
				ALWAYS_SEARCH_USER_PATHS = NO;
				CLANG_ANALYZER_NONNULL = YES;
				CLANG_ANALYZER_NUMBER_OBJECT_CONVERSION = YES_AGGRESSIVE;
				CLANG_CXX_LANGUAGE_STANDARD = "gnu++20";
				CLANG_ENABLE_MODULES = YES;
				CLANG_ENABLE_OBJC_ARC = YES;
				CLANG_ENABLE_OBJC_WEAK = YES;
				CLANG_WARN_BLOCK_CAPTURE_AUTORELEASING = YES;
				CLANG_WARN_BOOL_CONVERSION = YES;
				CLANG_WARN_COMMA = YES;
				CLANG_WARN_CONSTANT_CONVERSION = YES;
				CLANG_WARN_DEPRECATED_OBJC_IMPLEMENTATIONS = YES;
				CLANG_WARN_DIRECT_OBJC_ISA_USAGE = YES_ERROR;
				CLANG_WARN_DOCUMENTATION_COMMENTS = YES;
				CLANG_WARN_EMPTY_BODY = YES;
				CLANG_WARN_ENUM_CONVERSION = YES;
				CLANG_WARN_INFINITE_RECURSION = YES;
				CLANG_WARN_INT_CONVERSION = YES;
				CLANG_WARN_NON_LITERAL_NULL_CONVERSION = YES;
				CLANG_WARN_OBJC_IMPLICIT_RETAIN_SELF = YES;
				CLANG_WARN_OBJC_LITERAL_CONVERSION = YES;
				CLANG_WARN_OBJC_ROOT_CLASS = YES_ERROR;
				CLANG_WARN_QUOTED_INCLUDE_IN_FRAMEWORK_HEADER = YES;
				CLANG_WARN_RANGE_LOOP_ANALYSIS = YES;
				CLANG_WARN_STRICT_PROTOTYPES = YES;
				CLANG_WARN_SUSPICIOUS_MOVE = YES;
				CLANG_WARN_UNGUARDED_AVAILABILITY = YES_AGGRESSIVE;
				CLANG_WARN_UNREACHABLE_CODE = YES;
				CLANG_WARN__DUPLICATE_METHOD_MATCH = YES;
				COPY_PHASE_STRIP = NO;
				DEBUG_INFORMATION_FORMAT = dwarf;
				ENABLE_STRICT_OBJC_MSGSEND = YES;
				ENABLE_TESTABILITY = YES;
				GCC_C_LANGUAGE_STANDARD = gnu11;
				GCC_DYNAMIC_NO_PIC = NO;
				GCC_NO_COMMON_BLOCKS = YES;
				GCC_OPTIMIZATION_LEVEL = 0;
				GCC_PREPROCESSOR_DEFINITIONS = (
					"DEBUG=1",
					"$(inherited)",
				);
				GCC_WARN_64_TO_32_BIT_CONVERSION = YES;
				GCC_WARN_ABOUT_RETURN_TYPE = YES_ERROR;
				GCC_WARN_UNDECLARED_SELECTOR = YES;
				GCC_WARN_UNINITIALIZED_AUTOS = YES_AGGRESSIVE;
				GCC_WARN_UNUSED_FUNCTION = YES;
				GCC_WARN_UNUSED_VARIABLE = YES;
				IPHONEOS_DEPLOYMENT_TARGET = 16.2;
				MTL_ENABLE_DEBUG_INFO = INCLUDE_SOURCE;
				MTL_FAST_MATH = YES;
				ONLY_ACTIVE_ARCH = YES;
				SDKROOT = iphoneos;
				SWIFT_ACTIVE_COMPILATION_CONDITIONS = DEBUG;
				SWIFT_OPTIMIZATION_LEVEL = "-Onone";
			};
			name = Debug;
		};
		4A01299E295CDF23002E10B9 /* Release */ = {
			isa = XCBuildConfiguration;
			buildSettings = {
				ALWAYS_SEARCH_USER_PATHS = NO;
				CLANG_ANALYZER_NONNULL = YES;
				CLANG_ANALYZER_NUMBER_OBJECT_CONVERSION = YES_AGGRESSIVE;
				CLANG_CXX_LANGUAGE_STANDARD = "gnu++20";
				CLANG_ENABLE_MODULES = YES;
				CLANG_ENABLE_OBJC_ARC = YES;
				CLANG_ENABLE_OBJC_WEAK = YES;
				CLANG_WARN_BLOCK_CAPTURE_AUTORELEASING = YES;
				CLANG_WARN_BOOL_CONVERSION = YES;
				CLANG_WARN_COMMA = YES;
				CLANG_WARN_CONSTANT_CONVERSION = YES;
				CLANG_WARN_DEPRECATED_OBJC_IMPLEMENTATIONS = YES;
				CLANG_WARN_DIRECT_OBJC_ISA_USAGE = YES_ERROR;
				CLANG_WARN_DOCUMENTATION_COMMENTS = YES;
				CLANG_WARN_EMPTY_BODY = YES;
				CLANG_WARN_ENUM_CONVERSION = YES;
				CLANG_WARN_INFINITE_RECURSION = YES;
				CLANG_WARN_INT_CONVERSION = YES;
				CLANG_WARN_NON_LITERAL_NULL_CONVERSION = YES;
				CLANG_WARN_OBJC_IMPLICIT_RETAIN_SELF = YES;
				CLANG_WARN_OBJC_LITERAL_CONVERSION = YES;
				CLANG_WARN_OBJC_ROOT_CLASS = YES_ERROR;
				CLANG_WARN_QUOTED_INCLUDE_IN_FRAMEWORK_HEADER = YES;
				CLANG_WARN_RANGE_LOOP_ANALYSIS = YES;
				CLANG_WARN_STRICT_PROTOTYPES = YES;
				CLANG_WARN_SUSPICIOUS_MOVE = YES;
				CLANG_WARN_UNGUARDED_AVAILABILITY = YES_AGGRESSIVE;
				CLANG_WARN_UNREACHABLE_CODE = YES;
				CLANG_WARN__DUPLICATE_METHOD_MATCH = YES;
				COPY_PHASE_STRIP = NO;
				DEBUG_INFORMATION_FORMAT = "dwarf-with-dsym";
				ENABLE_NS_ASSERTIONS = NO;
				ENABLE_STRICT_OBJC_MSGSEND = YES;
				GCC_C_LANGUAGE_STANDARD = gnu11;
				GCC_NO_COMMON_BLOCKS = YES;
				GCC_WARN_64_TO_32_BIT_CONVERSION = YES;
				GCC_WARN_ABOUT_RETURN_TYPE = YES_ERROR;
				GCC_WARN_UNDECLARED_SELECTOR = YES;
				GCC_WARN_UNINITIALIZED_AUTOS = YES_AGGRESSIVE;
				GCC_WARN_UNUSED_FUNCTION = YES;
				GCC_WARN_UNUSED_VARIABLE = YES;
				IPHONEOS_DEPLOYMENT_TARGET = 16.2;
				MTL_ENABLE_DEBUG_INFO = NO;
				MTL_FAST_MATH = YES;
				SDKROOT = iphoneos;
				SWIFT_COMPILATION_MODE = wholemodule;
				SWIFT_OPTIMIZATION_LEVEL = "-O";
				VALIDATE_PRODUCT = YES;
			};
			name = Release;
		};
		4A0129A0295CDF23002E10B9 /* Debug */ = {
			isa = XCBuildConfiguration;
			buildSettings = {
				ASSETCATALOG_COMPILER_APPICON_NAME = AppIcon;
				ASSETCATALOG_COMPILER_GLOBAL_ACCENT_COLOR_NAME = AccentColor;
				CODE_SIGN_STYLE = Automatic;
				CURRENT_PROJECT_VERSION = 1;
				DEVELOPMENT_ASSET_PATHS = "\"PetsViewer/Preview Content\"";
				DEVELOPMENT_TEAM = Q8WPW9BZ33;
				ENABLE_PREVIEWS = YES;
				GENERATE_INFOPLIST_FILE = YES;
				INFOPLIST_KEY_UIApplicationSceneManifest_Generation = YES;
				INFOPLIST_KEY_UIApplicationSupportsIndirectInputEvents = YES;
				INFOPLIST_KEY_UILaunchScreen_Generation = YES;
				INFOPLIST_KEY_UISupportedInterfaceOrientations_iPad = "UIInterfaceOrientationPortrait UIInterfaceOrientationPortraitUpsideDown UIInterfaceOrientationLandscapeLeft UIInterfaceOrientationLandscapeRight";
				INFOPLIST_KEY_UISupportedInterfaceOrientations_iPhone = "UIInterfaceOrientationPortrait UIInterfaceOrientationLandscapeLeft UIInterfaceOrientationLandscapeRight";
				LD_RUNPATH_SEARCH_PATHS = (
					"$(inherited)",
					"@executable_path/Frameworks",
				);
				MARKETING_VERSION = 1.0;
				PRODUCT_BUNDLE_IDENTIFIER = com.gergusa04.PetsViewer;
				PRODUCT_NAME = "$(TARGET_NAME)";
				SWIFT_EMIT_LOC_STRINGS = YES;
				SWIFT_VERSION = 5.0;
				TARGETED_DEVICE_FAMILY = "1,2";
			};
			name = Debug;
		};
		4A0129A1295CDF23002E10B9 /* Release */ = {
			isa = XCBuildConfiguration;
			buildSettings = {
				ASSETCATALOG_COMPILER_APPICON_NAME = AppIcon;
				ASSETCATALOG_COMPILER_GLOBAL_ACCENT_COLOR_NAME = AccentColor;
				CODE_SIGN_STYLE = Automatic;
				CURRENT_PROJECT_VERSION = 1;
				DEVELOPMENT_ASSET_PATHS = "\"PetsViewer/Preview Content\"";
				DEVELOPMENT_TEAM = Q8WPW9BZ33;
				ENABLE_PREVIEWS = YES;
				GENERATE_INFOPLIST_FILE = YES;
				INFOPLIST_KEY_UIApplicationSceneManifest_Generation = YES;
				INFOPLIST_KEY_UIApplicationSupportsIndirectInputEvents = YES;
				INFOPLIST_KEY_UILaunchScreen_Generation = YES;
				INFOPLIST_KEY_UISupportedInterfaceOrientations_iPad = "UIInterfaceOrientationPortrait UIInterfaceOrientationPortraitUpsideDown UIInterfaceOrientationLandscapeLeft UIInterfaceOrientationLandscapeRight";
				INFOPLIST_KEY_UISupportedInterfaceOrientations_iPhone = "UIInterfaceOrientationPortrait UIInterfaceOrientationLandscapeLeft UIInterfaceOrientationLandscapeRight";
				LD_RUNPATH_SEARCH_PATHS = (
					"$(inherited)",
					"@executable_path/Frameworks",
				);
				MARKETING_VERSION = 1.0;
				PRODUCT_BUNDLE_IDENTIFIER = com.gergusa04.PetsViewer;
				PRODUCT_NAME = "$(TARGET_NAME)";
				SWIFT_EMIT_LOC_STRINGS = YES;
				SWIFT_VERSION = 5.0;
				TARGETED_DEVICE_FAMILY = "1,2";
			};
			name = Release;
		};
		4A0129A3295CDF23002E10B9 /* Debug */ = {
			isa = XCBuildConfiguration;
			buildSettings = {
				ALWAYS_EMBED_SWIFT_STANDARD_LIBRARIES = YES;
				BUNDLE_LOADER = "$(TEST_HOST)";
				CODE_SIGN_STYLE = Automatic;
				CURRENT_PROJECT_VERSION = 1;
				DEVELOPMENT_TEAM = Q8WPW9BZ33;
				GENERATE_INFOPLIST_FILE = YES;
				IPHONEOS_DEPLOYMENT_TARGET = 16.2;
				MARKETING_VERSION = 1.0;
				PRODUCT_BUNDLE_IDENTIFIER = com.gergusa04.PetsViewerTests;
				PRODUCT_NAME = "$(TARGET_NAME)";
				SWIFT_EMIT_LOC_STRINGS = NO;
				SWIFT_VERSION = 5.0;
				TARGETED_DEVICE_FAMILY = "1,2";
				TEST_HOST = "$(BUILT_PRODUCTS_DIR)/PetsViewer.app/$(BUNDLE_EXECUTABLE_FOLDER_PATH)/PetsViewer";
			};
			name = Debug;
		};
		4A0129A4295CDF23002E10B9 /* Release */ = {
			isa = XCBuildConfiguration;
			buildSettings = {
				ALWAYS_EMBED_SWIFT_STANDARD_LIBRARIES = YES;
				BUNDLE_LOADER = "$(TEST_HOST)";
				CODE_SIGN_STYLE = Automatic;
				CURRENT_PROJECT_VERSION = 1;
				DEVELOPMENT_TEAM = Q8WPW9BZ33;
				GENERATE_INFOPLIST_FILE = YES;
				IPHONEOS_DEPLOYMENT_TARGET = 16.2;
				MARKETING_VERSION = 1.0;
				PRODUCT_BUNDLE_IDENTIFIER = com.gergusa04.PetsViewerTests;
				PRODUCT_NAME = "$(TARGET_NAME)";
				SWIFT_EMIT_LOC_STRINGS = NO;
				SWIFT_VERSION = 5.0;
				TARGETED_DEVICE_FAMILY = "1,2";
				TEST_HOST = "$(BUILT_PRODUCTS_DIR)/PetsViewer.app/$(BUNDLE_EXECUTABLE_FOLDER_PATH)/PetsViewer";
			};
			name = Release;
		};
		4A0129A6295CDF23002E10B9 /* Debug */ = {
			isa = XCBuildConfiguration;
			buildSettings = {
				ALWAYS_EMBED_SWIFT_STANDARD_LIBRARIES = YES;
				CODE_SIGN_STYLE = Automatic;
				CURRENT_PROJECT_VERSION = 1;
				DEVELOPMENT_TEAM = Q8WPW9BZ33;
				GENERATE_INFOPLIST_FILE = YES;
				MARKETING_VERSION = 1.0;
				PRODUCT_BUNDLE_IDENTIFIER = com.gergusa04.PetsViewerUITests;
				PRODUCT_NAME = "$(TARGET_NAME)";
				SWIFT_EMIT_LOC_STRINGS = NO;
				SWIFT_VERSION = 5.0;
				TARGETED_DEVICE_FAMILY = "1,2";
				TEST_TARGET_NAME = PetsViewer;
			};
			name = Debug;
		};
		4A0129A7295CDF23002E10B9 /* Release */ = {
			isa = XCBuildConfiguration;
			buildSettings = {
				ALWAYS_EMBED_SWIFT_STANDARD_LIBRARIES = YES;
				CODE_SIGN_STYLE = Automatic;
				CURRENT_PROJECT_VERSION = 1;
				DEVELOPMENT_TEAM = Q8WPW9BZ33;
				GENERATE_INFOPLIST_FILE = YES;
				MARKETING_VERSION = 1.0;
				PRODUCT_BUNDLE_IDENTIFIER = com.gergusa04.PetsViewerUITests;
				PRODUCT_NAME = "$(TARGET_NAME)";
				SWIFT_EMIT_LOC_STRINGS = NO;
				SWIFT_VERSION = 5.0;
				TARGETED_DEVICE_FAMILY = "1,2";
				TEST_TARGET_NAME = PetsViewer;
			};
			name = Release;
		};
/* End XCBuildConfiguration section */

/* Begin XCConfigurationList section */
		4A012976295CDF1F002E10B9 /* Build configuration list for PBXProject "PetsViewer" */ = {
			isa = XCConfigurationList;
			buildConfigurations = (
				4A01299D295CDF23002E10B9 /* Debug */,
				4A01299E295CDF23002E10B9 /* Release */,
			);
			defaultConfigurationIsVisible = 0;
			defaultConfigurationName = Release;
		};
		4A01299F295CDF23002E10B9 /* Build configuration list for PBXNativeTarget "PetsViewer" */ = {
			isa = XCConfigurationList;
			buildConfigurations = (
				4A0129A0295CDF23002E10B9 /* Debug */,
				4A0129A1295CDF23002E10B9 /* Release */,
			);
			defaultConfigurationIsVisible = 0;
			defaultConfigurationName = Release;
		};
		4A0129A2295CDF23002E10B9 /* Build configuration list for PBXNativeTarget "PetsViewerTests" */ = {
			isa = XCConfigurationList;
			buildConfigurations = (
				4A0129A3295CDF23002E10B9 /* Debug */,
				4A0129A4295CDF23002E10B9 /* Release */,
			);
			defaultConfigurationIsVisible = 0;
			defaultConfigurationName = Release;
		};
		4A0129A5295CDF23002E10B9 /* Build configuration list for PBXNativeTarget "PetsViewerUITests" */ = {
			isa = XCConfigurationList;
			buildConfigurations = (
				4A0129A6295CDF23002E10B9 /* Debug */,
				4A0129A7295CDF23002E10B9 /* Release */,
			);
			defaultConfigurationIsVisible = 0;
			defaultConfigurationName = Release;
		};
/* End XCConfigurationList section */
	};
	rootObject = 4A012973295CDF1F002E10B9 /* Project object */;
}
